
Microsoft Visual Studio Solution File, Format Version 12.00
# Visual Studio Version 17
VisualStudioVersion = 17.11.35327.3
MinimumVisualStudioVersion = 10.0.40219.1
Project("{FAE04EC0-301F-11D3-BF4B-00C04F79EFBC}") = "apiBingo", "apiBingo\apiBingo.csproj", "{C10FD1EC-C7BA-4D1A-AD49-524787A300A4}"
EndProject
Global
	GlobalSection(SolutionConfigurationPlatforms) = preSolution
		Debug|Any CPU = Debug|Any CPU
		Release|Any CPU = Release|Any CPU
	EndGlobalSection
	GlobalSection(ProjectConfigurationPlatforms) = postSolution
		{C10FD1EC-C7BA-4D1A-AD49-524787A300A4}.Debug|Any CPU.ActiveCfg = Debug|Any CPU
		{C10FD1EC-C7BA-4D1A-AD49-524787A300A4}.Debug|Any CPU.Build.0 = Debug|Any CPU
		{C10FD1EC-C7BA-4D1A-AD49-524787A300A4}.Release|Any CPU.ActiveCfg = Release|Any CPU
		{C10FD1EC-C7BA-4D1A-AD49-524787A300A4}.Release|Any CPU.Build.0 = Release|Any CPU
	EndGlobalSection
	GlobalSection(SolutionProperties) = preSolution
		HideSolutionNode = FALSE
	EndGlobalSection
	GlobalSection(ExtensibilityGlobals) = postSolution
		SolutionGuid = {7B762AFC-320D-47AA-A3E1-277B19B7EE1C}
	EndGlobalSection
EndGlobal
